
Microsoft Visual Studio Solution File, Format Version 12.00
# Visual Studio 2013
VisualStudioVersion = 12.0.40629.0
MinimumVisualStudioVersion = 10.0.40219.1
Project("{FAE04EC0-301F-11D3-BF4B-00C04F79EFBC}") = "ConnectToWebServiceTemplate", "ConnectToWebServiceTemplate\ConnectToWebServiceTemplate\ConnectToWebServiceTemplate.csproj", "{8EC84DA2-8E65-47FA-AD63-5CCDA0B12A23}"
EndProject
Project("{FAE04EC0-301F-11D3-BF4B-00C04F79EFBC}") = "ConnectToWebServiceTemplate.Droid", "ConnectToWebServiceTemplate\ConnectToWebServiceTemplate.Droid\ConnectToWebServiceTemplate.Droid.csproj", "{8E3BB927-6E82-4F4A-B878-F33891ECACA2}"
EndProject
Project("{FAE04EC0-301F-11D3-BF4B-00C04F79EFBC}") = "ConnectToWebServiceTemplate.iOS", "ConnectToWebServiceTemplate\ConnectToWebServiceTemplate.iOS\ConnectToWebServiceTemplate.iOS.csproj", "{35D75428-EC86-49EB-90A3-CDB3098FE381}"
EndProject
Project("{FAE04EC0-301F-11D3-BF4B-00C04F79EFBC}") = "ConnectToWebServiceTemplate.WinPhone", "ConnectToWebServiceTemplate\ConnectToWebServiceTemplate.WinPhone\ConnectToWebServiceTemplate.WinPhone.csproj", "{C0BEC87F-E642-43B4-BC00-773592864764}"
EndProject
Project("{FAE04EC0-301F-11D3-BF4B-00C04F79EFBC}") = "ConnectToWebServiceTemplate.Windows", "ConnectToWebServiceTemplate\ConnectToWebServiceTemplate.Windows\ConnectToWebServiceTemplate.Windows.csproj", "{324A5A7C-5D61-419F-AF2E-F560F368521C}"
EndProject
Project("{2150E333-8FDC-42A3-9474-1A3956D46DE8}") = "Solution Items", "Solution Items", "{27F8B67B-38EA-46F9-879C-BA1E97CDA687}"
	ProjectSection(SolutionItems) = preProject
		README.md = README.md
	EndProjectSection
EndProject
Global
	GlobalSection(SolutionConfigurationPlatforms) = preSolution
		Ad-Hoc|Any CPU = Ad-Hoc|Any CPU
		Ad-Hoc|ARM = Ad-Hoc|ARM
		Ad-Hoc|iPhone = Ad-Hoc|iPhone
		Ad-Hoc|iPhoneSimulator = Ad-Hoc|iPhoneSimulator
		Ad-Hoc|Mixed Platforms = Ad-Hoc|Mixed Platforms
		Ad-Hoc|x64 = Ad-Hoc|x64
		Ad-Hoc|x86 = Ad-Hoc|x86
		AppStore|Any CPU = AppStore|Any CPU
		AppStore|ARM = AppStore|ARM
		AppStore|iPhone = AppStore|iPhone
		AppStore|iPhoneSimulator = AppStore|iPhoneSimulator
		AppStore|Mixed Platforms = AppStore|Mixed Platforms
		AppStore|x64 = AppStore|x64
		AppStore|x86 = AppStore|x86
		Debug|Any CPU = Debug|Any CPU
		Debug|ARM = Debug|ARM
		Debug|iPhone = Debug|iPhone
		Debug|iPhoneSimulator = Debug|iPhoneSimulator
		Debug|Mixed Platforms = Debug|Mixed Platforms
		Debug|x64 = Debug|x64
		Debug|x86 = Debug|x86
		Release|Any CPU = Release|Any CPU
		Release|ARM = Release|ARM
		Release|iPhone = Release|iPhone
		Release|iPhoneSimulator = Release|iPhoneSimulator
		Release|Mixed Platforms = Release|Mixed Platforms
		Release|x64 = Release|x64
		Release|x86 = Release|x86
	EndGlobalSection
	GlobalSection(ProjectConfigurationPlatforms) = postSolution
		{8EC84DA2-8E65-47FA-AD63-5CCDA0B12A23}.Ad-Hoc|Any CPU.ActiveCfg = Release|Any CPU
		{8EC84DA2-8E65-47FA-AD63-5CCDA0B12A23}.Ad-Hoc|Any CPU.Build.0 = Release|Any CPU
		{8EC84DA2-8E65-47FA-AD63-5CCDA0B12A23}.Ad-Hoc|ARM.ActiveCfg = Release|Any CPU
		{8EC84DA2-8E65-47FA-AD63-5CCDA0B12A23}.Ad-Hoc|iPhone.ActiveCfg = Release|Any CPU
		{8EC84DA2-8E65-47FA-AD63-5CCDA0B12A23}.Ad-Hoc|iPhoneSimulator.ActiveCfg = Release|Any CPU
		{8EC84DA2-8E65-47FA-AD63-5CCDA0B12A23}.Ad-Hoc|Mixed Platforms.ActiveCfg = Release|Any CPU
		{8EC84DA2-8E65-47FA-AD63-5CCDA0B12A23}.Ad-Hoc|Mixed Platforms.Build.0 = Release|Any CPU
		{8EC84DA2-8E65-47FA-AD63-5CCDA0B12A23}.Ad-Hoc|x64.ActiveCfg = Release|Any CPU
		{8EC84DA2-8E65-47FA-AD63-5CCDA0B12A23}.Ad-Hoc|x86.ActiveCfg = Release|Any CPU
		{8EC84DA2-8E65-47FA-AD63-5CCDA0B12A23}.AppStore|Any CPU.ActiveCfg = Release|Any CPU
		{8EC84DA2-8E65-47FA-AD63-5CCDA0B12A23}.AppStore|Any CPU.Build.0 = Release|Any CPU
		{8EC84DA2-8E65-47FA-AD63-5CCDA0B12A23}.AppStore|ARM.ActiveCfg = Release|Any CPU
		{8EC84DA2-8E65-47FA-AD63-5CCDA0B12A23}.AppStore|iPhone.ActiveCfg = Release|Any CPU
		{8EC84DA2-8E65-47FA-AD63-5CCDA0B12A23}.AppStore|iPhoneSimulator.ActiveCfg = Release|Any CPU
		{8EC84DA2-8E65-47FA-AD63-5CCDA0B12A23}.AppStore|Mixed Platforms.ActiveCfg = Release|Any CPU
		{8EC84DA2-8E65-47FA-AD63-5CCDA0B12A23}.AppStore|Mixed Platforms.Build.0 = Release|Any CPU
		{8EC84DA2-8E65-47FA-AD63-5CCDA0B12A23}.AppStore|x64.ActiveCfg = Release|Any CPU
		{8EC84DA2-8E65-47FA-AD63-5CCDA0B12A23}.AppStore|x86.ActiveCfg = Release|Any CPU
		{8EC84DA2-8E65-47FA-AD63-5CCDA0B12A23}.Debug|Any CPU.ActiveCfg = Debug|Any CPU
		{8EC84DA2-8E65-47FA-AD63-5CCDA0B12A23}.Debug|Any CPU.Build.0 = Debug|Any CPU
		{8EC84DA2-8E65-47FA-AD63-5CCDA0B12A23}.Debug|ARM.ActiveCfg = Debug|Any CPU
		{8EC84DA2-8E65-47FA-AD63-5CCDA0B12A23}.Debug|iPhone.ActiveCfg = Debug|Any CPU
		{8EC84DA2-8E65-47FA-AD63-5CCDA0B12A23}.Debug|iPhoneSimulator.ActiveCfg = Debug|Any CPU
		{8EC84DA2-8E65-47FA-AD63-5CCDA0B12A23}.Debug|Mixed Platforms.ActiveCfg = Debug|Any CPU
		{8EC84DA2-8E65-47FA-AD63-5CCDA0B12A23}.Debug|Mixed Platforms.Build.0 = Debug|Any CPU
		{8EC84DA2-8E65-47FA-AD63-5CCDA0B12A23}.Debug|x64.ActiveCfg = Debug|Any CPU
		{8EC84DA2-8E65-47FA-AD63-5CCDA0B12A23}.Debug|x86.ActiveCfg = Debug|Any CPU
		{8EC84DA2-8E65-47FA-AD63-5CCDA0B12A23}.Release|Any CPU.ActiveCfg = Release|Any CPU
		{8EC84DA2-8E65-47FA-AD63-5CCDA0B12A23}.Release|Any CPU.Build.0 = Release|Any CPU
		{8EC84DA2-8E65-47FA-AD63-5CCDA0B12A23}.Release|ARM.ActiveCfg = Release|Any CPU
		{8EC84DA2-8E65-47FA-AD63-5CCDA0B12A23}.Release|iPhone.ActiveCfg = Release|Any CPU
		{8EC84DA2-8E65-47FA-AD63-5CCDA0B12A23}.Release|iPhoneSimulator.ActiveCfg = Release|Any CPU
		{8EC84DA2-8E65-47FA-AD63-5CCDA0B12A23}.Release|Mixed Platforms.ActiveCfg = Release|Any CPU
		{8EC84DA2-8E65-47FA-AD63-5CCDA0B12A23}.Release|Mixed Platforms.Build.0 = Release|Any CPU
		{8EC84DA2-8E65-47FA-AD63-5CCDA0B12A23}.Release|x64.ActiveCfg = Release|Any CPU
		{8EC84DA2-8E65-47FA-AD63-5CCDA0B12A23}.Release|x86.ActiveCfg = Release|Any CPU
		{8E3BB927-6E82-4F4A-B878-F33891ECACA2}.Ad-Hoc|Any CPU.ActiveCfg = Release|Any CPU
		{8E3BB927-6E82-4F4A-B878-F33891ECACA2}.Ad-Hoc|Any CPU.Build.0 = Release|Any CPU
		{8E3BB927-6E82-4F4A-B878-F33891ECACA2}.Ad-Hoc|Any CPU.Deploy.0 = Release|Any CPU
		{8E3BB927-6E82-4F4A-B878-F33891ECACA2}.Ad-Hoc|ARM.ActiveCfg = Release|Any CPU
		{8E3BB927-6E82-4F4A-B878-F33891ECACA2}.Ad-Hoc|iPhone.ActiveCfg = Release|Any CPU
		{8E3BB927-6E82-4F4A-B878-F33891ECACA2}.Ad-Hoc|iPhoneSimulator.ActiveCfg = Release|Any CPU
		{8E3BB927-6E82-4F4A-B878-F33891ECACA2}.Ad-Hoc|Mixed Platforms.ActiveCfg = Release|Any CPU
		{8E3BB927-6E82-4F4A-B878-F33891ECACA2}.Ad-Hoc|Mixed Platforms.Build.0 = Release|Any CPU
		{8E3BB927-6E82-4F4A-B878-F33891ECACA2}.Ad-Hoc|Mixed Platforms.Deploy.0 = Release|Any CPU
		{8E3BB927-6E82-4F4A-B878-F33891ECACA2}.Ad-Hoc|x64.ActiveCfg = Release|Any CPU
		{8E3BB927-6E82-4F4A-B878-F33891ECACA2}.Ad-Hoc|x86.ActiveCfg = Release|Any CPU
		{8E3BB927-6E82-4F4A-B878-F33891ECACA2}.AppStore|Any CPU.ActiveCfg = Release|Any CPU
		{8E3BB927-6E82-4F4A-B878-F33891ECACA2}.AppStore|Any CPU.Build.0 = Release|Any CPU
		{8E3BB927-6E82-4F4A-B878-F33891ECACA2}.AppStore|Any CPU.Deploy.0 = Release|Any CPU
		{8E3BB927-6E82-4F4A-B878-F33891ECACA2}.AppStore|ARM.ActiveCfg = Release|Any CPU
		{8E3BB927-6E82-4F4A-B878-F33891ECACA2}.AppStore|iPhone.ActiveCfg = Release|Any CPU
		{8E3BB927-6E82-4F4A-B878-F33891ECACA2}.AppStore|iPhoneSimulator.ActiveCfg = Release|Any CPU
		{8E3BB927-6E82-4F4A-B878-F33891ECACA2}.AppStore|Mixed Platforms.ActiveCfg = Release|Any CPU
		{8E3BB927-6E82-4F4A-B878-F33891ECACA2}.AppStore|Mixed Platforms.Build.0 = Release|Any CPU
		{8E3BB927-6E82-4F4A-B878-F33891ECACA2}.AppStore|Mixed Platforms.Deploy.0 = Release|Any CPU
		{8E3BB927-6E82-4F4A-B878-F33891ECACA2}.AppStore|x64.ActiveCfg = Release|Any CPU
		{8E3BB927-6E82-4F4A-B878-F33891ECACA2}.AppStore|x86.ActiveCfg = Release|Any CPU
		{8E3BB927-6E82-4F4A-B878-F33891ECACA2}.Debug|Any CPU.ActiveCfg = Debug|Any CPU
		{8E3BB927-6E82-4F4A-B878-F33891ECACA2}.Debug|Any CPU.Build.0 = Debug|Any CPU
		{8E3BB927-6E82-4F4A-B878-F33891ECACA2}.Debug|Any CPU.Deploy.0 = Debug|Any CPU
		{8E3BB927-6E82-4F4A-B878-F33891ECACA2}.Debug|ARM.ActiveCfg = Debug|Any CPU
		{8E3BB927-6E82-4F4A-B878-F33891ECACA2}.Debug|iPhone.ActiveCfg = Debug|Any CPU
		{8E3BB927-6E82-4F4A-B878-F33891ECACA2}.Debug|iPhoneSimulator.ActiveCfg = Debug|Any CPU
		{8E3BB927-6E82-4F4A-B878-F33891ECACA2}.Debug|Mixed Platforms.ActiveCfg = Debug|Any CPU
		{8E3BB927-6E82-4F4A-B878-F33891ECACA2}.Debug|Mixed Platforms.Build.0 = Debug|Any CPU
		{8E3BB927-6E82-4F4A-B878-F33891ECACA2}.Debug|Mixed Platforms.Deploy.0 = Debug|Any CPU
		{8E3BB927-6E82-4F4A-B878-F33891ECACA2}.Debug|x64.ActiveCfg = Debug|Any CPU
		{8E3BB927-6E82-4F4A-B878-F33891ECACA2}.Debug|x86.ActiveCfg = Debug|Any CPU
		{8E3BB927-6E82-4F4A-B878-F33891ECACA2}.Release|Any CPU.ActiveCfg = Release|Any CPU
		{8E3BB927-6E82-4F4A-B878-F33891ECACA2}.Release|Any CPU.Build.0 = Release|Any CPU
		{8E3BB927-6E82-4F4A-B878-F33891ECACA2}.Release|Any CPU.Deploy.0 = Release|Any CPU
		{8E3BB927-6E82-4F4A-B878-F33891ECACA2}.Release|ARM.ActiveCfg = Release|Any CPU
		{8E3BB927-6E82-4F4A-B878-F33891ECACA2}.Release|iPhone.ActiveCfg = Release|Any CPU
		{8E3BB927-6E82-4F4A-B878-F33891ECACA2}.Release|iPhoneSimulator.ActiveCfg = Release|Any CPU
		{8E3BB927-6E82-4F4A-B878-F33891ECACA2}.Release|Mixed Platforms.ActiveCfg = Release|Any CPU
		{8E3BB927-6E82-4F4A-B878-F33891ECACA2}.Release|Mixed Platforms.Build.0 = Release|Any CPU
		{8E3BB927-6E82-4F4A-B878-F33891ECACA2}.Release|Mixed Platforms.Deploy.0 = Release|Any CPU
		{8E3BB927-6E82-4F4A-B878-F33891ECACA2}.Release|x64.ActiveCfg = Release|Any CPU
		{8E3BB927-6E82-4F4A-B878-F33891ECACA2}.Release|x86.ActiveCfg = Release|Any CPU
		{35D75428-EC86-49EB-90A3-CDB3098FE381}.Ad-Hoc|Any CPU.ActiveCfg = Ad-Hoc|iPhone
		{35D75428-EC86-49EB-90A3-CDB3098FE381}.Ad-Hoc|ARM.ActiveCfg = Ad-Hoc|iPhone
		{35D75428-EC86-49EB-90A3-CDB3098FE381}.Ad-Hoc|iPhone.ActiveCfg = Ad-Hoc|iPhone
		{35D75428-EC86-49EB-90A3-CDB3098FE381}.Ad-Hoc|iPhone.Build.0 = Ad-Hoc|iPhone
		{35D75428-EC86-49EB-90A3-CDB3098FE381}.Ad-Hoc|iPhoneSimulator.ActiveCfg = Ad-Hoc|iPhoneSimulator
		{35D75428-EC86-49EB-90A3-CDB3098FE381}.Ad-Hoc|iPhoneSimulator.Build.0 = Ad-Hoc|iPhoneSimulator
		{35D75428-EC86-49EB-90A3-CDB3098FE381}.Ad-Hoc|Mixed Platforms.ActiveCfg = Ad-Hoc|iPhone
		{35D75428-EC86-49EB-90A3-CDB3098FE381}.Ad-Hoc|Mixed Platforms.Build.0 = Ad-Hoc|iPhone
		{35D75428-EC86-49EB-90A3-CDB3098FE381}.Ad-Hoc|x64.ActiveCfg = Ad-Hoc|iPhone
		{35D75428-EC86-49EB-90A3-CDB3098FE381}.Ad-Hoc|x86.ActiveCfg = Ad-Hoc|iPhone
		{35D75428-EC86-49EB-90A3-CDB3098FE381}.AppStore|Any CPU.ActiveCfg = AppStore|iPhone
		{35D75428-EC86-49EB-90A3-CDB3098FE381}.AppStore|ARM.ActiveCfg = AppStore|iPhone
		{35D75428-EC86-49EB-90A3-CDB3098FE381}.AppStore|iPhone.ActiveCfg = AppStore|iPhone
		{35D75428-EC86-49EB-90A3-CDB3098FE381}.AppStore|iPhone.Build.0 = AppStore|iPhone
		{35D75428-EC86-49EB-90A3-CDB3098FE381}.AppStore|iPhoneSimulator.ActiveCfg = AppStore|iPhoneSimulator
		{35D75428-EC86-49EB-90A3-CDB3098FE381}.AppStore|iPhoneSimulator.Build.0 = AppStore|iPhoneSimulator
		{35D75428-EC86-49EB-90A3-CDB3098FE381}.AppStore|Mixed Platforms.ActiveCfg = AppStore|iPhone
		{35D75428-EC86-49EB-90A3-CDB3098FE381}.AppStore|Mixed Platforms.Build.0 = AppStore|iPhone
		{35D75428-EC86-49EB-90A3-CDB3098FE381}.AppStore|x64.ActiveCfg = AppStore|iPhone
		{35D75428-EC86-49EB-90A3-CDB3098FE381}.AppStore|x86.ActiveCfg = AppStore|iPhone
		{35D75428-EC86-49EB-90A3-CDB3098FE381}.Debug|Any CPU.ActiveCfg = Debug|iPhone
		{35D75428-EC86-49EB-90A3-CDB3098FE381}.Debug|ARM.ActiveCfg = Debug|iPhone
		{35D75428-EC86-49EB-90A3-CDB3098FE381}.Debug|iPhone.ActiveCfg = Debug|iPhone
		{35D75428-EC86-49EB-90A3-CDB3098FE381}.Debug|iPhone.Build.0 = Debug|iPhone
		{35D75428-EC86-49EB-90A3-CDB3098FE381}.Debug|iPhoneSimulator.ActiveCfg = Debug|iPhoneSimulator
		{35D75428-EC86-49EB-90A3-CDB3098FE381}.Debug|iPhoneSimulator.Build.0 = Debug|iPhoneSimulator
		{35D75428-EC86-49EB-90A3-CDB3098FE381}.Debug|Mixed Platforms.ActiveCfg = Debug|iPhone
		{35D75428-EC86-49EB-90A3-CDB3098FE381}.Debug|Mixed Platforms.Build.0 = Debug|iPhone
		{35D75428-EC86-49EB-90A3-CDB3098FE381}.Debug|x64.ActiveCfg = Debug|iPhone
		{35D75428-EC86-49EB-90A3-CDB3098FE381}.Debug|x86.ActiveCfg = Debug|iPhone
		{35D75428-EC86-49EB-90A3-CDB3098FE381}.Release|Any CPU.ActiveCfg = Release|iPhone
		{35D75428-EC86-49EB-90A3-CDB3098FE381}.Release|ARM.ActiveCfg = Release|iPhone
		{35D75428-EC86-49EB-90A3-CDB3098FE381}.Release|iPhone.ActiveCfg = Release|iPhone
		{35D75428-EC86-49EB-90A3-CDB3098FE381}.Release|iPhone.Build.0 = Release|iPhone
		{35D75428-EC86-49EB-90A3-CDB3098FE381}.Release|iPhoneSimulator.ActiveCfg = Release|iPhoneSimulator
		{35D75428-EC86-49EB-90A3-CDB3098FE381}.Release|iPhoneSimulator.Build.0 = Release|iPhoneSimulator
		{35D75428-EC86-49EB-90A3-CDB3098FE381}.Release|Mixed Platforms.ActiveCfg = Release|iPhone
		{35D75428-EC86-49EB-90A3-CDB3098FE381}.Release|Mixed Platforms.Build.0 = Release|iPhone
		{35D75428-EC86-49EB-90A3-CDB3098FE381}.Release|x64.ActiveCfg = Release|iPhone
		{35D75428-EC86-49EB-90A3-CDB3098FE381}.Release|x86.ActiveCfg = Release|iPhone
		{C0BEC87F-E642-43B4-BC00-773592864764}.Ad-Hoc|Any CPU.ActiveCfg = Release|Any CPU
		{C0BEC87F-E642-43B4-BC00-773592864764}.Ad-Hoc|Any CPU.Build.0 = Release|Any CPU
		{C0BEC87F-E642-43B4-BC00-773592864764}.Ad-Hoc|Any CPU.Deploy.0 = Release|Any CPU
		{C0BEC87F-E642-43B4-BC00-773592864764}.Ad-Hoc|ARM.ActiveCfg = Release|ARM
		{C0BEC87F-E642-43B4-BC00-773592864764}.Ad-Hoc|ARM.Build.0 = Release|ARM
		{C0BEC87F-E642-43B4-BC00-773592864764}.Ad-Hoc|ARM.Deploy.0 = Release|ARM
		{C0BEC87F-E642-43B4-BC00-773592864764}.Ad-Hoc|iPhone.ActiveCfg = Release|Any CPU
		{C0BEC87F-E642-43B4-BC00-773592864764}.Ad-Hoc|iPhoneSimulator.ActiveCfg = Release|Any CPU
		{C0BEC87F-E642-43B4-BC00-773592864764}.Ad-Hoc|Mixed Platforms.ActiveCfg = Release|x86
		{C0BEC87F-E642-43B4-BC00-773592864764}.Ad-Hoc|Mixed Platforms.Build.0 = Release|x86
		{C0BEC87F-E642-43B4-BC00-773592864764}.Ad-Hoc|Mixed Platforms.Deploy.0 = Release|x86
		{C0BEC87F-E642-43B4-BC00-773592864764}.Ad-Hoc|x64.ActiveCfg = Release|Any CPU
		{C0BEC87F-E642-43B4-BC00-773592864764}.Ad-Hoc|x86.ActiveCfg = Release|x86
		{C0BEC87F-E642-43B4-BC00-773592864764}.Ad-Hoc|x86.Build.0 = Release|x86
		{C0BEC87F-E642-43B4-BC00-773592864764}.Ad-Hoc|x86.Deploy.0 = Release|x86
		{C0BEC87F-E642-43B4-BC00-773592864764}.AppStore|Any CPU.ActiveCfg = Release|Any CPU
		{C0BEC87F-E642-43B4-BC00-773592864764}.AppStore|Any CPU.Build.0 = Release|Any CPU
		{C0BEC87F-E642-43B4-BC00-773592864764}.AppStore|Any CPU.Deploy.0 = Release|Any CPU
		{C0BEC87F-E642-43B4-BC00-773592864764}.AppStore|ARM.ActiveCfg = Release|ARM
		{C0BEC87F-E642-43B4-BC00-773592864764}.AppStore|ARM.Build.0 = Release|ARM
		{C0BEC87F-E642-43B4-BC00-773592864764}.AppStore|ARM.Deploy.0 = Release|ARM
		{C0BEC87F-E642-43B4-BC00-773592864764}.AppStore|iPhone.ActiveCfg = Release|Any CPU
		{C0BEC87F-E642-43B4-BC00-773592864764}.AppStore|iPhoneSimulator.ActiveCfg = Release|Any CPU
		{C0BEC87F-E642-43B4-BC00-773592864764}.AppStore|Mixed Platforms.ActiveCfg = Release|x86
		{C0BEC87F-E642-43B4-BC00-773592864764}.AppStore|Mixed Platforms.Build.0 = Release|x86
		{C0BEC87F-E642-43B4-BC00-773592864764}.AppStore|Mixed Platforms.Deploy.0 = Release|x86
		{C0BEC87F-E642-43B4-BC00-773592864764}.AppStore|x64.ActiveCfg = Release|Any CPU
		{C0BEC87F-E642-43B4-BC00-773592864764}.AppStore|x86.ActiveCfg = Release|x86
		{C0BEC87F-E642-43B4-BC00-773592864764}.AppStore|x86.Build.0 = Release|x86
		{C0BEC87F-E642-43B4-BC00-773592864764}.AppStore|x86.Deploy.0 = Release|x86
		{C0BEC87F-E642-43B4-BC00-773592864764}.Debug|Any CPU.ActiveCfg = Debug|Any CPU
		{C0BEC87F-E642-43B4-BC00-773592864764}.Debug|Any CPU.Build.0 = Debug|Any CPU
		{C0BEC87F-E642-43B4-BC00-773592864764}.Debug|Any CPU.Deploy.0 = Debug|Any CPU
		{C0BEC87F-E642-43B4-BC00-773592864764}.Debug|ARM.ActiveCfg = Debug|ARM
		{C0BEC87F-E642-43B4-BC00-773592864764}.Debug|ARM.Build.0 = Debug|ARM
		{C0BEC87F-E642-43B4-BC00-773592864764}.Debug|ARM.Deploy.0 = Debug|ARM
		{C0BEC87F-E642-43B4-BC00-773592864764}.Debug|iPhone.ActiveCfg = Debug|Any CPU
		{C0BEC87F-E642-43B4-BC00-773592864764}.Debug|iPhoneSimulator.ActiveCfg = Debug|Any CPU
		{C0BEC87F-E642-43B4-BC00-773592864764}.Debug|Mixed Platforms.ActiveCfg = Debug|x86
		{C0BEC87F-E642-43B4-BC00-773592864764}.Debug|Mixed Platforms.Build.0 = Debug|x86
		{C0BEC87F-E642-43B4-BC00-773592864764}.Debug|Mixed Platforms.Deploy.0 = Debug|x86
		{C0BEC87F-E642-43B4-BC00-773592864764}.Debug|x64.ActiveCfg = Debug|Any CPU
		{C0BEC87F-E642-43B4-BC00-773592864764}.Debug|x86.ActiveCfg = Debug|x86
		{C0BEC87F-E642-43B4-BC00-773592864764}.Debug|x86.Build.0 = Debug|x86
		{C0BEC87F-E642-43B4-BC00-773592864764}.Debug|x86.Deploy.0 = Debug|x86
		{C0BEC87F-E642-43B4-BC00-773592864764}.Release|Any CPU.ActiveCfg = Release|Any CPU
		{C0BEC87F-E642-43B4-BC00-773592864764}.Release|Any CPU.Build.0 = Release|Any CPU
		{C0BEC87F-E642-43B4-BC00-773592864764}.Release|Any CPU.Deploy.0 = Release|Any CPU
		{C0BEC87F-E642-43B4-BC00-773592864764}.Release|ARM.ActiveCfg = Release|ARM
		{C0BEC87F-E642-43B4-BC00-773592864764}.Release|ARM.Build.0 = Release|ARM
		{C0BEC87F-E642-43B4-BC00-773592864764}.Release|ARM.Deploy.0 = Release|ARM
		{C0BEC87F-E642-43B4-BC00-773592864764}.Release|iPhone.ActiveCfg = Release|Any CPU
		{C0BEC87F-E642-43B4-BC00-773592864764}.Release|iPhoneSimulator.ActiveCfg = Release|Any CPU
		{C0BEC87F-E642-43B4-BC00-773592864764}.Release|Mixed Platforms.ActiveCfg = Release|x86
		{C0BEC87F-E642-43B4-BC00-773592864764}.Release|Mixed Platforms.Build.0 = Release|x86
		{C0BEC87F-E642-43B4-BC00-773592864764}.Release|Mixed Platforms.Deploy.0 = Release|x86
		{C0BEC87F-E642-43B4-BC00-773592864764}.Release|x64.ActiveCfg = Release|Any CPU
		{C0BEC87F-E642-43B4-BC00-773592864764}.Release|x86.ActiveCfg = Release|x86
		{C0BEC87F-E642-43B4-BC00-773592864764}.Release|x86.Build.0 = Release|x86
		{C0BEC87F-E642-43B4-BC00-773592864764}.Release|x86.Deploy.0 = Release|x86
		{324A5A7C-5D61-419F-AF2E-F560F368521C}.Ad-Hoc|Any CPU.ActiveCfg = Release|Any CPU
		{324A5A7C-5D61-419F-AF2E-F560F368521C}.Ad-Hoc|Any CPU.Build.0 = Release|Any CPU
		{324A5A7C-5D61-419F-AF2E-F560F368521C}.Ad-Hoc|Any CPU.Deploy.0 = Release|Any CPU
		{324A5A7C-5D61-419F-AF2E-F560F368521C}.Ad-Hoc|ARM.ActiveCfg = Release|ARM
		{324A5A7C-5D61-419F-AF2E-F560F368521C}.Ad-Hoc|ARM.Build.0 = Release|ARM
		{324A5A7C-5D61-419F-AF2E-F560F368521C}.Ad-Hoc|ARM.Deploy.0 = Release|ARM
		{324A5A7C-5D61-419F-AF2E-F560F368521C}.Ad-Hoc|iPhone.ActiveCfg = Release|Any CPU
		{324A5A7C-5D61-419F-AF2E-F560F368521C}.Ad-Hoc|iPhoneSimulator.ActiveCfg = Release|Any CPU
		{324A5A7C-5D61-419F-AF2E-F560F368521C}.Ad-Hoc|Mixed Platforms.ActiveCfg = Release|x86
		{324A5A7C-5D61-419F-AF2E-F560F368521C}.Ad-Hoc|Mixed Platforms.Build.0 = Release|x86
		{324A5A7C-5D61-419F-AF2E-F560F368521C}.Ad-Hoc|Mixed Platforms.Deploy.0 = Release|x86
		{324A5A7C-5D61-419F-AF2E-F560F368521C}.Ad-Hoc|x64.ActiveCfg = Release|x64
		{324A5A7C-5D61-419F-AF2E-F560F368521C}.Ad-Hoc|x64.Build.0 = Release|x64
		{324A5A7C-5D61-419F-AF2E-F560F368521C}.Ad-Hoc|x64.Deploy.0 = Release|x64
		{324A5A7C-5D61-419F-AF2E-F560F368521C}.Ad-Hoc|x86.ActiveCfg = Release|x86
		{324A5A7C-5D61-419F-AF2E-F560F368521C}.Ad-Hoc|x86.Build.0 = Release|x86
		{324A5A7C-5D61-419F-AF2E-F560F368521C}.Ad-Hoc|x86.Deploy.0 = Release|x86
		{324A5A7C-5D61-419F-AF2E-F560F368521C}.AppStore|Any CPU.ActiveCfg = Release|Any CPU
		{324A5A7C-5D61-419F-AF2E-F560F368521C}.AppStore|Any CPU.Build.0 = Release|Any CPU
		{324A5A7C-5D61-419F-AF2E-F560F368521C}.AppStore|Any CPU.Deploy.0 = Release|Any CPU
		{324A5A7C-5D61-419F-AF2E-F560F368521C}.AppStore|ARM.ActiveCfg = Release|ARM
		{324A5A7C-5D61-419F-AF2E-F560F368521C}.AppStore|ARM.Build.0 = Release|ARM
		{324A5A7C-5D61-419F-AF2E-F560F368521C}.AppStore|ARM.Deploy.0 = Release|ARM
		{324A5A7C-5D61-419F-AF2E-F560F368521C}.AppStore|iPhone.ActiveCfg = Release|Any CPU
		{324A5A7C-5D61-419F-AF2E-F560F368521C}.AppStore|iPhoneSimulator.ActiveCfg = Release|Any CPU
		{324A5A7C-5D61-419F-AF2E-F560F368521C}.AppStore|Mixed Platforms.ActiveCfg = Release|x86
		{324A5A7C-5D61-419F-AF2E-F560F368521C}.AppStore|Mixed Platforms.Build.0 = Release|x86
		{324A5A7C-5D61-419F-AF2E-F560F368521C}.AppStore|Mixed Platforms.Deploy.0 = Release|x86
		{324A5A7C-5D61-419F-AF2E-F560F368521C}.AppStore|x64.ActiveCfg = Release|x64
		{324A5A7C-5D61-419F-AF2E-F560F368521C}.AppStore|x64.Build.0 = Release|x64
		{324A5A7C-5D61-419F-AF2E-F560F368521C}.AppStore|x64.Deploy.0 = Release|x64
		{324A5A7C-5D61-419F-AF2E-F560F368521C}.AppStore|x86.ActiveCfg = Release|x86
		{324A5A7C-5D61-419F-AF2E-F560F368521C}.AppStore|x86.Build.0 = Release|x86
		{324A5A7C-5D61-419F-AF2E-F560F368521C}.AppStore|x86.Deploy.0 = Release|x86
		{324A5A7C-5D61-419F-AF2E-F560F368521C}.Debug|Any CPU.ActiveCfg = Debug|Any CPU
		{324A5A7C-5D61-419F-AF2E-F560F368521C}.Debug|Any CPU.Build.0 = Debug|Any CPU
		{324A5A7C-5D61-419F-AF2E-F560F368521C}.Debug|Any CPU.Deploy.0 = Debug|Any CPU
		{324A5A7C-5D61-419F-AF2E-F560F368521C}.Debug|ARM.ActiveCfg = Debug|ARM
		{324A5A7C-5D61-419F-AF2E-F560F368521C}.Debug|ARM.Build.0 = Debug|ARM
		{324A5A7C-5D61-419F-AF2E-F560F368521C}.Debug|ARM.Deploy.0 = Debug|ARM
		{324A5A7C-5D61-419F-AF2E-F560F368521C}.Debug|iPhone.ActiveCfg = Debug|Any CPU
		{324A5A7C-5D61-419F-AF2E-F560F368521C}.Debug|iPhoneSimulator.ActiveCfg = Debug|Any CPU
		{324A5A7C-5D61-419F-AF2E-F560F368521C}.Debug|Mixed Platforms.ActiveCfg = Debug|x86
		{324A5A7C-5D61-419F-AF2E-F560F368521C}.Debug|Mixed Platforms.Build.0 = Debug|x86
		{324A5A7C-5D61-419F-AF2E-F560F368521C}.Debug|Mixed Platforms.Deploy.0 = Debug|x86
		{324A5A7C-5D61-419F-AF2E-F560F368521C}.Debug|x64.ActiveCfg = Debug|x64
		{324A5A7C-5D61-419F-AF2E-F560F368521C}.Debug|x64.Build.0 = Debug|x64
		{324A5A7C-5D61-419F-AF2E-F560F368521C}.Debug|x64.Deploy.0 = Debug|x64
		{324A5A7C-5D61-419F-AF2E-F560F368521C}.Debug|x86.ActiveCfg = Debug|x86
		{324A5A7C-5D61-419F-AF2E-F560F368521C}.Debug|x86.Build.0 = Debug|x86
		{324A5A7C-5D61-419F-AF2E-F560F368521C}.Debug|x86.Deploy.0 = Debug|x86
		{324A5A7C-5D61-419F-AF2E-F560F368521C}.Release|Any CPU.ActiveCfg = Release|Any CPU
		{324A5A7C-5D61-419F-AF2E-F560F368521C}.Release|Any CPU.Build.0 = Release|Any CPU
		{324A5A7C-5D61-419F-AF2E-F560F368521C}.Release|Any CPU.Deploy.0 = Release|Any CPU
		{324A5A7C-5D61-419F-AF2E-F560F368521C}.Release|ARM.ActiveCfg = Release|ARM
		{324A5A7C-5D61-419F-AF2E-F560F368521C}.Release|ARM.Build.0 = Release|ARM
		{324A5A7C-5D61-419F-AF2E-F560F368521C}.Release|ARM.Deploy.0 = Release|ARM
		{324A5A7C-5D61-419F-AF2E-F560F368521C}.Release|iPhone.ActiveCfg = Release|Any CPU
		{324A5A7C-5D61-419F-AF2E-F560F368521C}.Release|iPhoneSimulator.ActiveCfg = Release|Any CPU
		{324A5A7C-5D61-419F-AF2E-F560F368521C}.Release|Mixed Platforms.ActiveCfg = Release|x86
		{324A5A7C-5D61-419F-AF2E-F560F368521C}.Release|Mixed Platforms.Build.0 = Release|x86
		{324A5A7C-5D61-419F-AF2E-F560F368521C}.Release|Mixed Platforms.Deploy.0 = Release|x86
		{324A5A7C-5D61-419F-AF2E-F560F368521C}.Release|x64.ActiveCfg = Release|x64
		{324A5A7C-5D61-419F-AF2E-F560F368521C}.Release|x64.Build.0 = Release|x64
		{324A5A7C-5D61-419F-AF2E-F560F368521C}.Release|x64.Deploy.0 = Release|x64
		{324A5A7C-5D61-419F-AF2E-F560F368521C}.Release|x86.ActiveCfg = Release|x86
		{324A5A7C-5D61-419F-AF2E-F560F368521C}.Release|x86.Build.0 = Release|x86
		{324A5A7C-5D61-419F-AF2E-F560F368521C}.Release|x86.Deploy.0 = Release|x86
	EndGlobalSection
	GlobalSection(SolutionProperties) = preSolution
		HideSolutionNode = FALSE
	EndGlobalSection
EndGlobal
