
Microsoft Visual Studio Solution File, Format Version 12.00
# Visual Studio 14
VisualStudioVersion = 14.0.25420.1
MinimumVisualStudioVersion = 10.0.40219.1
Project("{FAE04EC0-301F-11D3-BF4B-00C04F79EFBC}") = "NavigationPageExample.Droid", "NavigationPageExample\NavigationPageExample.Droid\NavigationPageExample.Droid.csproj", "{43959074-13E9-4FF8-9A15-D9F0CB279590}"
EndProject
Project("{FAE04EC0-301F-11D3-BF4B-00C04F79EFBC}") = "NavigationPageExample.iOS", "NavigationPageExample\NavigationPageExample.iOS\NavigationPageExample.iOS.csproj", "{39CECD67-3970-43A1-A2D8-A5C0EDA35CC6}"
EndProject
Project("{FAE04EC0-301F-11D3-BF4B-00C04F79EFBC}") = "NavigationPageExample", "NavigationPageExample\NavigationPageExample\NavigationPageExample.csproj", "{8EE038CA-D50D-46F2-941F-7D448DF8420B}"
EndProject
Global
	GlobalSection(SolutionConfigurationPlatforms) = preSolution
		Ad-Hoc|Any CPU = Ad-Hoc|Any CPU
		Ad-Hoc|ARM = Ad-Hoc|ARM
		Ad-Hoc|iPhone = Ad-Hoc|iPhone
		Ad-Hoc|iPhoneSimulator = Ad-Hoc|iPhoneSimulator
		Ad-Hoc|x64 = Ad-Hoc|x64
		Ad-Hoc|x86 = Ad-Hoc|x86
		AppStore|Any CPU = AppStore|Any CPU
		AppStore|ARM = AppStore|ARM
		AppStore|iPhone = AppStore|iPhone
		AppStore|iPhoneSimulator = AppStore|iPhoneSimulator
		AppStore|x64 = AppStore|x64
		AppStore|x86 = AppStore|x86
		Debug|Any CPU = Debug|Any CPU
		Debug|ARM = Debug|ARM
		Debug|iPhone = Debug|iPhone
		Debug|iPhoneSimulator = Debug|iPhoneSimulator
		Debug|x64 = Debug|x64
		Debug|x86 = Debug|x86
		Release|Any CPU = Release|Any CPU
		Release|ARM = Release|ARM
		Release|iPhone = Release|iPhone
		Release|iPhoneSimulator = Release|iPhoneSimulator
		Release|x64 = Release|x64
		Release|x86 = Release|x86
	EndGlobalSection
	GlobalSection(ProjectConfigurationPlatforms) = postSolution
		{43959074-13E9-4FF8-9A15-D9F0CB279590}.Ad-Hoc|Any CPU.ActiveCfg = Release|Any CPU
		{43959074-13E9-4FF8-9A15-D9F0CB279590}.Ad-Hoc|Any CPU.Build.0 = Release|Any CPU
		{43959074-13E9-4FF8-9A15-D9F0CB279590}.Ad-Hoc|Any CPU.Deploy.0 = Release|Any CPU
		{43959074-13E9-4FF8-9A15-D9F0CB279590}.Ad-Hoc|ARM.ActiveCfg = Release|Any CPU
		{43959074-13E9-4FF8-9A15-D9F0CB279590}.Ad-Hoc|ARM.Build.0 = Release|Any CPU
		{43959074-13E9-4FF8-9A15-D9F0CB279590}.Ad-Hoc|ARM.Deploy.0 = Release|Any CPU
		{43959074-13E9-4FF8-9A15-D9F0CB279590}.Ad-Hoc|iPhone.ActiveCfg = Release|Any CPU
		{43959074-13E9-4FF8-9A15-D9F0CB279590}.Ad-Hoc|iPhone.Build.0 = Release|Any CPU
		{43959074-13E9-4FF8-9A15-D9F0CB279590}.Ad-Hoc|iPhone.Deploy.0 = Release|Any CPU
		{43959074-13E9-4FF8-9A15-D9F0CB279590}.Ad-Hoc|iPhoneSimulator.ActiveCfg = Release|Any CPU
		{43959074-13E9-4FF8-9A15-D9F0CB279590}.Ad-Hoc|iPhoneSimulator.Build.0 = Release|Any CPU
		{43959074-13E9-4FF8-9A15-D9F0CB279590}.Ad-Hoc|iPhoneSimulator.Deploy.0 = Release|Any CPU
		{43959074-13E9-4FF8-9A15-D9F0CB279590}.Ad-Hoc|x64.ActiveCfg = Release|Any CPU
		{43959074-13E9-4FF8-9A15-D9F0CB279590}.Ad-Hoc|x64.Build.0 = Release|Any CPU
		{43959074-13E9-4FF8-9A15-D9F0CB279590}.Ad-Hoc|x64.Deploy.0 = Release|Any CPU
		{43959074-13E9-4FF8-9A15-D9F0CB279590}.Ad-Hoc|x86.ActiveCfg = Release|Any CPU
		{43959074-13E9-4FF8-9A15-D9F0CB279590}.Ad-Hoc|x86.Build.0 = Release|Any CPU
		{43959074-13E9-4FF8-9A15-D9F0CB279590}.Ad-Hoc|x86.Deploy.0 = Release|Any CPU
		{43959074-13E9-4FF8-9A15-D9F0CB279590}.AppStore|Any CPU.ActiveCfg = Release|Any CPU
		{43959074-13E9-4FF8-9A15-D9F0CB279590}.AppStore|Any CPU.Build.0 = Release|Any CPU
		{43959074-13E9-4FF8-9A15-D9F0CB279590}.AppStore|Any CPU.Deploy.0 = Release|Any CPU
		{43959074-13E9-4FF8-9A15-D9F0CB279590}.AppStore|ARM.ActiveCfg = Release|Any CPU
		{43959074-13E9-4FF8-9A15-D9F0CB279590}.AppStore|ARM.Build.0 = Release|Any CPU
		{43959074-13E9-4FF8-9A15-D9F0CB279590}.AppStore|ARM.Deploy.0 = Release|Any CPU
		{43959074-13E9-4FF8-9A15-D9F0CB279590}.AppStore|iPhone.ActiveCfg = Release|Any CPU
		{43959074-13E9-4FF8-9A15-D9F0CB279590}.AppStore|iPhone.Build.0 = Release|Any CPU
		{43959074-13E9-4FF8-9A15-D9F0CB279590}.AppStore|iPhone.Deploy.0 = Release|Any CPU
		{43959074-13E9-4FF8-9A15-D9F0CB279590}.AppStore|iPhoneSimulator.ActiveCfg = Release|Any CPU
		{43959074-13E9-4FF8-9A15-D9F0CB279590}.AppStore|iPhoneSimulator.Build.0 = Release|Any CPU
		{43959074-13E9-4FF8-9A15-D9F0CB279590}.AppStore|iPhoneSimulator.Deploy.0 = Release|Any CPU
		{43959074-13E9-4FF8-9A15-D9F0CB279590}.AppStore|x64.ActiveCfg = Release|Any CPU
		{43959074-13E9-4FF8-9A15-D9F0CB279590}.AppStore|x64.Build.0 = Release|Any CPU
		{43959074-13E9-4FF8-9A15-D9F0CB279590}.AppStore|x64.Deploy.0 = Release|Any CPU
		{43959074-13E9-4FF8-9A15-D9F0CB279590}.AppStore|x86.ActiveCfg = Release|Any CPU
		{43959074-13E9-4FF8-9A15-D9F0CB279590}.AppStore|x86.Build.0 = Release|Any CPU
		{43959074-13E9-4FF8-9A15-D9F0CB279590}.AppStore|x86.Deploy.0 = Release|Any CPU
		{43959074-13E9-4FF8-9A15-D9F0CB279590}.Debug|Any CPU.ActiveCfg = Debug|Any CPU
		{43959074-13E9-4FF8-9A15-D9F0CB279590}.Debug|Any CPU.Build.0 = Debug|Any CPU
		{43959074-13E9-4FF8-9A15-D9F0CB279590}.Debug|Any CPU.Deploy.0 = Debug|Any CPU
		{43959074-13E9-4FF8-9A15-D9F0CB279590}.Debug|ARM.ActiveCfg = Debug|Any CPU
		{43959074-13E9-4FF8-9A15-D9F0CB279590}.Debug|ARM.Build.0 = Debug|Any CPU
		{43959074-13E9-4FF8-9A15-D9F0CB279590}.Debug|ARM.Deploy.0 = Debug|Any CPU
		{43959074-13E9-4FF8-9A15-D9F0CB279590}.Debug|iPhone.ActiveCfg = Debug|Any CPU
		{43959074-13E9-4FF8-9A15-D9F0CB279590}.Debug|iPhone.Build.0 = Debug|Any CPU
		{43959074-13E9-4FF8-9A15-D9F0CB279590}.Debug|iPhone.Deploy.0 = Debug|Any CPU
		{43959074-13E9-4FF8-9A15-D9F0CB279590}.Debug|iPhoneSimulator.ActiveCfg = Debug|Any CPU
		{43959074-13E9-4FF8-9A15-D9F0CB279590}.Debug|iPhoneSimulator.Build.0 = Debug|Any CPU
		{43959074-13E9-4FF8-9A15-D9F0CB279590}.Debug|iPhoneSimulator.Deploy.0 = Debug|Any CPU
		{43959074-13E9-4FF8-9A15-D9F0CB279590}.Debug|x64.ActiveCfg = Debug|Any CPU
		{43959074-13E9-4FF8-9A15-D9F0CB279590}.Debug|x64.Build.0 = Debug|Any CPU
		{43959074-13E9-4FF8-9A15-D9F0CB279590}.Debug|x64.Deploy.0 = Debug|Any CPU
		{43959074-13E9-4FF8-9A15-D9F0CB279590}.Debug|x86.ActiveCfg = Debug|Any CPU
		{43959074-13E9-4FF8-9A15-D9F0CB279590}.Debug|x86.Build.0 = Debug|Any CPU
		{43959074-13E9-4FF8-9A15-D9F0CB279590}.Debug|x86.Deploy.0 = Debug|Any CPU
		{43959074-13E9-4FF8-9A15-D9F0CB279590}.Release|Any CPU.ActiveCfg = Release|Any CPU
		{43959074-13E9-4FF8-9A15-D9F0CB279590}.Release|Any CPU.Build.0 = Release|Any CPU
		{43959074-13E9-4FF8-9A15-D9F0CB279590}.Release|Any CPU.Deploy.0 = Release|Any CPU
		{43959074-13E9-4FF8-9A15-D9F0CB279590}.Release|ARM.ActiveCfg = Release|Any CPU
		{43959074-13E9-4FF8-9A15-D9F0CB279590}.Release|ARM.Build.0 = Release|Any CPU
		{43959074-13E9-4FF8-9A15-D9F0CB279590}.Release|ARM.Deploy.0 = Release|Any CPU
		{43959074-13E9-4FF8-9A15-D9F0CB279590}.Release|iPhone.ActiveCfg = Release|Any CPU
		{43959074-13E9-4FF8-9A15-D9F0CB279590}.Release|iPhone.Build.0 = Release|Any CPU
		{43959074-13E9-4FF8-9A15-D9F0CB279590}.Release|iPhone.Deploy.0 = Release|Any CPU
		{43959074-13E9-4FF8-9A15-D9F0CB279590}.Release|iPhoneSimulator.ActiveCfg = Release|Any CPU
		{43959074-13E9-4FF8-9A15-D9F0CB279590}.Release|iPhoneSimulator.Build.0 = Release|Any CPU
		{43959074-13E9-4FF8-9A15-D9F0CB279590}.Release|iPhoneSimulator.Deploy.0 = Release|Any CPU
		{43959074-13E9-4FF8-9A15-D9F0CB279590}.Release|x64.ActiveCfg = Release|Any CPU
		{43959074-13E9-4FF8-9A15-D9F0CB279590}.Release|x64.Build.0 = Release|Any CPU
		{43959074-13E9-4FF8-9A15-D9F0CB279590}.Release|x64.Deploy.0 = Release|Any CPU
		{43959074-13E9-4FF8-9A15-D9F0CB279590}.Release|x86.ActiveCfg = Release|Any CPU
		{43959074-13E9-4FF8-9A15-D9F0CB279590}.Release|x86.Build.0 = Release|Any CPU
		{43959074-13E9-4FF8-9A15-D9F0CB279590}.Release|x86.Deploy.0 = Release|Any CPU
		{39CECD67-3970-43A1-A2D8-A5C0EDA35CC6}.Ad-Hoc|Any CPU.ActiveCfg = Ad-Hoc|iPhone
		{39CECD67-3970-43A1-A2D8-A5C0EDA35CC6}.Ad-Hoc|ARM.ActiveCfg = Ad-Hoc|iPhone
		{39CECD67-3970-43A1-A2D8-A5C0EDA35CC6}.Ad-Hoc|iPhone.ActiveCfg = Ad-Hoc|iPhone
		{39CECD67-3970-43A1-A2D8-A5C0EDA35CC6}.Ad-Hoc|iPhone.Build.0 = Ad-Hoc|iPhone
		{39CECD67-3970-43A1-A2D8-A5C0EDA35CC6}.Ad-Hoc|iPhoneSimulator.ActiveCfg = Ad-Hoc|iPhoneSimulator
		{39CECD67-3970-43A1-A2D8-A5C0EDA35CC6}.Ad-Hoc|iPhoneSimulator.Build.0 = Ad-Hoc|iPhoneSimulator
		{39CECD67-3970-43A1-A2D8-A5C0EDA35CC6}.Ad-Hoc|x64.ActiveCfg = Ad-Hoc|iPhone
		{39CECD67-3970-43A1-A2D8-A5C0EDA35CC6}.Ad-Hoc|x86.ActiveCfg = Ad-Hoc|iPhone
		{39CECD67-3970-43A1-A2D8-A5C0EDA35CC6}.AppStore|Any CPU.ActiveCfg = AppStore|iPhone
		{39CECD67-3970-43A1-A2D8-A5C0EDA35CC6}.AppStore|ARM.ActiveCfg = AppStore|iPhone
		{39CECD67-3970-43A1-A2D8-A5C0EDA35CC6}.AppStore|iPhone.ActiveCfg = AppStore|iPhone
		{39CECD67-3970-43A1-A2D8-A5C0EDA35CC6}.AppStore|iPhone.Build.0 = AppStore|iPhone
		{39CECD67-3970-43A1-A2D8-A5C0EDA35CC6}.AppStore|iPhoneSimulator.ActiveCfg = AppStore|iPhoneSimulator
		{39CECD67-3970-43A1-A2D8-A5C0EDA35CC6}.AppStore|iPhoneSimulator.Build.0 = AppStore|iPhoneSimulator
		{39CECD67-3970-43A1-A2D8-A5C0EDA35CC6}.AppStore|x64.ActiveCfg = AppStore|iPhone
		{39CECD67-3970-43A1-A2D8-A5C0EDA35CC6}.AppStore|x86.ActiveCfg = AppStore|iPhone
		{39CECD67-3970-43A1-A2D8-A5C0EDA35CC6}.Debug|Any CPU.ActiveCfg = Debug|iPhone
		{39CECD67-3970-43A1-A2D8-A5C0EDA35CC6}.Debug|ARM.ActiveCfg = Debug|iPhone
		{39CECD67-3970-43A1-A2D8-A5C0EDA35CC6}.Debug|iPhone.ActiveCfg = Debug|iPhone
		{39CECD67-3970-43A1-A2D8-A5C0EDA35CC6}.Debug|iPhone.Build.0 = Debug|iPhone
		{39CECD67-3970-43A1-A2D8-A5C0EDA35CC6}.Debug|iPhoneSimulator.ActiveCfg = Debug|iPhoneSimulator
		{39CECD67-3970-43A1-A2D8-A5C0EDA35CC6}.Debug|iPhoneSimulator.Build.0 = Debug|iPhoneSimulator
		{39CECD67-3970-43A1-A2D8-A5C0EDA35CC6}.Debug|x64.ActiveCfg = Debug|iPhone
		{39CECD67-3970-43A1-A2D8-A5C0EDA35CC6}.Debug|x86.ActiveCfg = Debug|iPhone
		{39CECD67-3970-43A1-A2D8-A5C0EDA35CC6}.Release|Any CPU.ActiveCfg = Release|iPhone
		{39CECD67-3970-43A1-A2D8-A5C0EDA35CC6}.Release|ARM.ActiveCfg = Release|iPhone
		{39CECD67-3970-43A1-A2D8-A5C0EDA35CC6}.Release|iPhone.ActiveCfg = Release|iPhone
		{39CECD67-3970-43A1-A2D8-A5C0EDA35CC6}.Release|iPhone.Build.0 = Release|iPhone
		{39CECD67-3970-43A1-A2D8-A5C0EDA35CC6}.Release|iPhoneSimulator.ActiveCfg = Release|iPhoneSimulator
		{39CECD67-3970-43A1-A2D8-A5C0EDA35CC6}.Release|iPhoneSimulator.Build.0 = Release|iPhoneSimulator
		{39CECD67-3970-43A1-A2D8-A5C0EDA35CC6}.Release|x64.ActiveCfg = Release|iPhone
		{39CECD67-3970-43A1-A2D8-A5C0EDA35CC6}.Release|x86.ActiveCfg = Release|iPhone
		{8EE038CA-D50D-46F2-941F-7D448DF8420B}.Ad-Hoc|Any CPU.ActiveCfg = Release|Any CPU
		{8EE038CA-D50D-46F2-941F-7D448DF8420B}.Ad-Hoc|Any CPU.Build.0 = Release|Any CPU
		{8EE038CA-D50D-46F2-941F-7D448DF8420B}.Ad-Hoc|ARM.ActiveCfg = Release|Any CPU
		{8EE038CA-D50D-46F2-941F-7D448DF8420B}.Ad-Hoc|ARM.Build.0 = Release|Any CPU
		{8EE038CA-D50D-46F2-941F-7D448DF8420B}.Ad-Hoc|iPhone.ActiveCfg = Release|Any CPU
		{8EE038CA-D50D-46F2-941F-7D448DF8420B}.Ad-Hoc|iPhone.Build.0 = Release|Any CPU
		{8EE038CA-D50D-46F2-941F-7D448DF8420B}.Ad-Hoc|iPhoneSimulator.ActiveCfg = Release|Any CPU
		{8EE038CA-D50D-46F2-941F-7D448DF8420B}.Ad-Hoc|iPhoneSimulator.Build.0 = Release|Any CPU
		{8EE038CA-D50D-46F2-941F-7D448DF8420B}.Ad-Hoc|x64.ActiveCfg = Release|Any CPU
		{8EE038CA-D50D-46F2-941F-7D448DF8420B}.Ad-Hoc|x64.Build.0 = Release|Any CPU
		{8EE038CA-D50D-46F2-941F-7D448DF8420B}.Ad-Hoc|x86.ActiveCfg = Release|Any CPU
		{8EE038CA-D50D-46F2-941F-7D448DF8420B}.Ad-Hoc|x86.Build.0 = Release|Any CPU
		{8EE038CA-D50D-46F2-941F-7D448DF8420B}.AppStore|Any CPU.ActiveCfg = Release|Any CPU
		{8EE038CA-D50D-46F2-941F-7D448DF8420B}.AppStore|Any CPU.Build.0 = Release|Any CPU
		{8EE038CA-D50D-46F2-941F-7D448DF8420B}.AppStore|ARM.ActiveCfg = Release|Any CPU
		{8EE038CA-D50D-46F2-941F-7D448DF8420B}.AppStore|ARM.Build.0 = Release|Any CPU
		{8EE038CA-D50D-46F2-941F-7D448DF8420B}.AppStore|iPhone.ActiveCfg = Release|Any CPU
		{8EE038CA-D50D-46F2-941F-7D448DF8420B}.AppStore|iPhone.Build.0 = Release|Any CPU
		{8EE038CA-D50D-46F2-941F-7D448DF8420B}.AppStore|iPhoneSimulator.ActiveCfg = Release|Any CPU
		{8EE038CA-D50D-46F2-941F-7D448DF8420B}.AppStore|iPhoneSimulator.Build.0 = Release|Any CPU
		{8EE038CA-D50D-46F2-941F-7D448DF8420B}.AppStore|x64.ActiveCfg = Release|Any CPU
		{8EE038CA-D50D-46F2-941F-7D448DF8420B}.AppStore|x64.Build.0 = Release|Any CPU
		{8EE038CA-D50D-46F2-941F-7D448DF8420B}.AppStore|x86.ActiveCfg = Release|Any CPU
		{8EE038CA-D50D-46F2-941F-7D448DF8420B}.AppStore|x86.Build.0 = Release|Any CPU
		{8EE038CA-D50D-46F2-941F-7D448DF8420B}.Debug|Any CPU.ActiveCfg = Debug|Any CPU
		{8EE038CA-D50D-46F2-941F-7D448DF8420B}.Debug|Any CPU.Build.0 = Debug|Any CPU
		{8EE038CA-D50D-46F2-941F-7D448DF8420B}.Debug|ARM.ActiveCfg = Debug|Any CPU
		{8EE038CA-D50D-46F2-941F-7D448DF8420B}.Debug|ARM.Build.0 = Debug|Any CPU
		{8EE038CA-D50D-46F2-941F-7D448DF8420B}.Debug|iPhone.ActiveCfg = Debug|Any CPU
		{8EE038CA-D50D-46F2-941F-7D448DF8420B}.Debug|iPhone.Build.0 = Debug|Any CPU
		{8EE038CA-D50D-46F2-941F-7D448DF8420B}.Debug|iPhoneSimulator.ActiveCfg = Debug|Any CPU
		{8EE038CA-D50D-46F2-941F-7D448DF8420B}.Debug|iPhoneSimulator.Build.0 = Debug|Any CPU
		{8EE038CA-D50D-46F2-941F-7D448DF8420B}.Debug|x64.ActiveCfg = Debug|Any CPU
		{8EE038CA-D50D-46F2-941F-7D448DF8420B}.Debug|x64.Build.0 = Debug|Any CPU
		{8EE038CA-D50D-46F2-941F-7D448DF8420B}.Debug|x86.ActiveCfg = Debug|Any CPU
		{8EE038CA-D50D-46F2-941F-7D448DF8420B}.Debug|x86.Build.0 = Debug|Any CPU
		{8EE038CA-D50D-46F2-941F-7D448DF8420B}.Release|Any CPU.ActiveCfg = Release|Any CPU
		{8EE038CA-D50D-46F2-941F-7D448DF8420B}.Release|Any CPU.Build.0 = Release|Any CPU
		{8EE038CA-D50D-46F2-941F-7D448DF8420B}.Release|ARM.ActiveCfg = Release|Any CPU
		{8EE038CA-D50D-46F2-941F-7D448DF8420B}.Release|ARM.Build.0 = Release|Any CPU
		{8EE038CA-D50D-46F2-941F-7D448DF8420B}.Release|iPhone.ActiveCfg = Release|Any CPU
		{8EE038CA-D50D-46F2-941F-7D448DF8420B}.Release|iPhone.Build.0 = Release|Any CPU
		{8EE038CA-D50D-46F2-941F-7D448DF8420B}.Release|iPhoneSimulator.ActiveCfg = Release|Any CPU
		{8EE038CA-D50D-46F2-941F-7D448DF8420B}.Release|iPhoneSimulator.Build.0 = Release|Any CPU
		{8EE038CA-D50D-46F2-941F-7D448DF8420B}.Release|x64.ActiveCfg = Release|Any CPU
		{8EE038CA-D50D-46F2-941F-7D448DF8420B}.Release|x64.Build.0 = Release|Any CPU
		{8EE038CA-D50D-46F2-941F-7D448DF8420B}.Release|x86.ActiveCfg = Release|Any CPU
		{8EE038CA-D50D-46F2-941F-7D448DF8420B}.Release|x86.Build.0 = Release|Any CPU
	EndGlobalSection
	GlobalSection(SolutionProperties) = preSolution
		HideSolutionNode = FALSE
	EndGlobalSection
EndGlobal
